
Microsoft Visual Studio Solution File, Format Version 12.00
# Visual Studio 15
VisualStudioVersion = 15.0.27428.2015
MinimumVisualStudioVersion = 10.0.40219.1
Project("{FAE04EC0-301F-11D3-BF4B-00C04F79EFBC}") = "OSM2018", "OSM2018\OSM2018.csproj", "{25362EFA-84FB-4F81-98CA-EA2C623281FB}"
EndProject
Global
	GlobalSection(SolutionConfigurationPlatforms) = preSolution
		Debug|Any CPU = Debug|Any CPU
		Release|Any CPU = Release|Any CPU
	EndGlobalSection
	GlobalSection(ProjectConfigurationPlatforms) = postSolution
		{25362EFA-84FB-4F81-98CA-EA2C623281FB}.Debug|Any CPU.ActiveCfg = Debug|Any CPU
		{25362EFA-84FB-4F81-98CA-EA2C623281FB}.Debug|Any CPU.Build.0 = Debug|Any CPU
		{25362EFA-84FB-4F81-98CA-EA2C623281FB}.Release|Any CPU.ActiveCfg = Release|Any CPU
		{25362EFA-84FB-4F81-98CA-EA2C623281FB}.Release|Any CPU.Build.0 = Release|Any CPU
	EndGlobalSection
	GlobalSection(SolutionProperties) = preSolution
		HideSolutionNode = FALSE
	EndGlobalSection
	GlobalSection(ExtensibilityGlobals) = postSolution
		SolutionGuid = {15455364-19C8-4FCE-8B8E-B6A841118121}
	EndGlobalSection
EndGlobal
